
Microsoft Visual Studio Solution File, Format Version 12.00
# Visual Studio Version 16
VisualStudioVersion = 16.0.30413.136
MinimumVisualStudioVersion = 10.0.40219.1
Project("{FAE04EC0-301F-11D3-BF4B-00C04F79EFBC}") = "Ej_1", "Ej_1.csproj", "{470DDE81-63E9-4B8F-AA62-024F91C743DD}"
EndProject
Project("{FAE04EC0-301F-11D3-BF4B-00C04F79EFBC}") = "Ej_2", "..\Ej_2\Ej_2.csproj", "{029DC65A-68BF-40A0-A10C-49926FE434FF}"
EndProject
Project("{FAE04EC0-301F-11D3-BF4B-00C04F79EFBC}") = "Ej_3", "..\Ej_3\Ej_3.csproj", "{FD1A322E-E5BB-4C5F-B42D-8AC8C66AA957}"
EndProject
Project("{FAE04EC0-301F-11D3-BF4B-00C04F79EFBC}") = "Ej_4", "..\Ej_4\Ej_4.csproj", "{B313B419-DCAF-4A3F-9F1B-2BBD4FA82416}"
EndProject
Project("{FAE04EC0-301F-11D3-BF4B-00C04F79EFBC}") = "Ej_5", "..\Ej_5\Ej_5.csproj", "{5ABBC13A-1E47-4AEC-A2FA-328742C4D5AA}"
EndProject
Project("{FAE04EC0-301F-11D3-BF4B-00C04F79EFBC}") = "Ej_6", "..\Ej_6\Ej_6.csproj", "{C481C293-BAB0-4A4E-BF23-D8B73EA5A702}"
EndProject
Project("{FAE04EC0-301F-11D3-BF4B-00C04F79EFBC}") = "Ej_7", "..\Ej_7\Ej_7.csproj", "{BD874454-2944-4659-8E24-7E121B135DBF}"
EndProject
Project("{FAE04EC0-301F-11D3-BF4B-00C04F79EFBC}") = "Ej_8", "..\Ej_8\Ej_8.csproj", "{1B4545BC-2418-4D67-8F67-F7090F46799E}"
EndProject
Project("{FAE04EC0-301F-11D3-BF4B-00C04F79EFBC}") = "Ej_9", "..\Ej_9\Ej_9.csproj", "{01CAA265-6DB6-4B13-9D2D-17662F3C3216}"
EndProject
Project("{FAE04EC0-301F-11D3-BF4B-00C04F79EFBC}") = "Ej_10", "..\Ej_10\Ej_10.csproj", "{897A7CE3-BD39-4AF1-B7CC-4CEF5A8F7D53}"
EndProject
Project("{FAE04EC0-301F-11D3-BF4B-00C04F79EFBC}") = "Ej_11", "..\Ej_11\Ej_11.csproj", "{540BA07B-6B7E-4A78-B7F5-96B0D174A899}"
EndProject
Project("{FAE04EC0-301F-11D3-BF4B-00C04F79EFBC}") = "Ej_12", "..\Ej_12\Ej_12.csproj", "{3744F2F9-3B47-4057-8E66-14FF60CD7BD4}"
EndProject
Project("{FAE04EC0-301F-11D3-BF4B-00C04F79EFBC}") = "Ej_13", "..\Ej_13\Ej_13.csproj", "{E1E7AD30-7800-4A76-A852-E37D794AEBAC}"
EndProject
Project("{FAE04EC0-301F-11D3-BF4B-00C04F79EFBC}") = "Ej_14", "..\Ej_14\Ej_14.csproj", "{E65D014C-1057-4B05-B2FC-42D7D57ADD14}"
EndProject
Project("{FAE04EC0-301F-11D3-BF4B-00C04F79EFBC}") = "Ej_15", "..\Ej_15\Ej_15.csproj", "{6FBEAABE-4E83-4A8D-A7B3-A3583EBAD4E2}"
EndProject
Project("{FAE04EC0-301F-11D3-BF4B-00C04F79EFBC}") = "Ej_16", "..\Ej_16\Ej_16.csproj", "{9F75EB80-A575-48D1-A308-0DFDDDB751D7}"
EndProject
Project("{FAE04EC0-301F-11D3-BF4B-00C04F79EFBC}") = "Ej_17", "..\Ej_17\Ej_17.csproj", "{90A5CD76-58FD-4220-8D0E-EE333BCEB5C9}"
EndProject
Project("{FAE04EC0-301F-11D3-BF4B-00C04F79EFBC}") = "Ej_18", "..\Ej_18\Ej_18.csproj", "{388F3EC8-DF01-477A-9D4B-E1855172B393}"
EndProject
Project("{FAE04EC0-301F-11D3-BF4B-00C04F79EFBC}") = "Ej_19", "..\Ej_19\Ej_19.csproj", "{430262DB-41FA-4F1F-85B6-091ACF8C458D}"
EndProject
Project("{FAE04EC0-301F-11D3-BF4B-00C04F79EFBC}") = "Ej_20", "..\Ej_20\Ej_20.csproj", "{796C5115-FD49-4403-A138-B9EC9E72ABD7}"
EndProject
Project("{FAE04EC0-301F-11D3-BF4B-00C04F79EFBC}") = "Ej_23", "..\Ej_23\Ej_23.csproj", "{EA941597-874A-423C-83CC-E8DFF56941CA}"
EndProject
Project("{FAE04EC0-301F-11D3-BF4B-00C04F79EFBC}") = "Ej_26", "..\Ej_26\Ej_26.csproj", "{87A6F45B-43BE-425D-8A70-6A21305AA956}"
EndProject
Project("{FAE04EC0-301F-11D3-BF4B-00C04F79EFBC}") = "Ej_27", "..\Ej_27\Ej_27.csproj", "{58943380-FE47-4109-84EE-E741C88008C9}"
EndProject
Project("{FAE04EC0-301F-11D3-BF4B-00C04F79EFBC}") = "Ej_28", "..\Ej_28\Ej_28.csproj", "{033C0206-0BB8-442F-8131-88A7EC082C82}"
EndProject
Project("{FAE04EC0-301F-11D3-BF4B-00C04F79EFBC}") = "Ej_29", "..\Ej_29\Ej_29.csproj", "{4FC530D9-47E9-4A9F-9C61-1C925AB03366}"
EndProject
Project("{FAE04EC0-301F-11D3-BF4B-00C04F79EFBC}") = "Ej_30", "..\Ej_30\Ej_30.csproj", "{E75F0BED-CCB5-4B7D-8610-B4A913752054}"
EndProject
Global
	GlobalSection(SolutionConfigurationPlatforms) = preSolution
		Debug|Any CPU = Debug|Any CPU
		Release|Any CPU = Release|Any CPU
	EndGlobalSection
	GlobalSection(ProjectConfigurationPlatforms) = postSolution
		{470DDE81-63E9-4B8F-AA62-024F91C743DD}.Debug|Any CPU.ActiveCfg = Debug|Any CPU
		{470DDE81-63E9-4B8F-AA62-024F91C743DD}.Debug|Any CPU.Build.0 = Debug|Any CPU
		{470DDE81-63E9-4B8F-AA62-024F91C743DD}.Release|Any CPU.ActiveCfg = Release|Any CPU
		{470DDE81-63E9-4B8F-AA62-024F91C743DD}.Release|Any CPU.Build.0 = Release|Any CPU
		{029DC65A-68BF-40A0-A10C-49926FE434FF}.Debug|Any CPU.ActiveCfg = Debug|Any CPU
		{029DC65A-68BF-40A0-A10C-49926FE434FF}.Debug|Any CPU.Build.0 = Debug|Any CPU
		{029DC65A-68BF-40A0-A10C-49926FE434FF}.Release|Any CPU.ActiveCfg = Release|Any CPU
		{029DC65A-68BF-40A0-A10C-49926FE434FF}.Release|Any CPU.Build.0 = Release|Any CPU
		{FD1A322E-E5BB-4C5F-B42D-8AC8C66AA957}.Debug|Any CPU.ActiveCfg = Debug|Any CPU
		{FD1A322E-E5BB-4C5F-B42D-8AC8C66AA957}.Debug|Any CPU.Build.0 = Debug|Any CPU
		{FD1A322E-E5BB-4C5F-B42D-8AC8C66AA957}.Release|Any CPU.ActiveCfg = Release|Any CPU
		{FD1A322E-E5BB-4C5F-B42D-8AC8C66AA957}.Release|Any CPU.Build.0 = Release|Any CPU
		{B313B419-DCAF-4A3F-9F1B-2BBD4FA82416}.Debug|Any CPU.ActiveCfg = Debug|Any CPU
		{B313B419-DCAF-4A3F-9F1B-2BBD4FA82416}.Debug|Any CPU.Build.0 = Debug|Any CPU
		{B313B419-DCAF-4A3F-9F1B-2BBD4FA82416}.Release|Any CPU.ActiveCfg = Release|Any CPU
		{B313B419-DCAF-4A3F-9F1B-2BBD4FA82416}.Release|Any CPU.Build.0 = Release|Any CPU
		{5ABBC13A-1E47-4AEC-A2FA-328742C4D5AA}.Debug|Any CPU.ActiveCfg = Debug|Any CPU
		{5ABBC13A-1E47-4AEC-A2FA-328742C4D5AA}.Debug|Any CPU.Build.0 = Debug|Any CPU
		{5ABBC13A-1E47-4AEC-A2FA-328742C4D5AA}.Release|Any CPU.ActiveCfg = Release|Any CPU
		{5ABBC13A-1E47-4AEC-A2FA-328742C4D5AA}.Release|Any CPU.Build.0 = Release|Any CPU
		{C481C293-BAB0-4A4E-BF23-D8B73EA5A702}.Debug|Any CPU.ActiveCfg = Debug|Any CPU
		{C481C293-BAB0-4A4E-BF23-D8B73EA5A702}.Debug|Any CPU.Build.0 = Debug|Any CPU
		{C481C293-BAB0-4A4E-BF23-D8B73EA5A702}.Release|Any CPU.ActiveCfg = Release|Any CPU
		{C481C293-BAB0-4A4E-BF23-D8B73EA5A702}.Release|Any CPU.Build.0 = Release|Any CPU
		{BD874454-2944-4659-8E24-7E121B135DBF}.Debug|Any CPU.ActiveCfg = Debug|Any CPU
		{BD874454-2944-4659-8E24-7E121B135DBF}.Debug|Any CPU.Build.0 = Debug|Any CPU
		{BD874454-2944-4659-8E24-7E121B135DBF}.Release|Any CPU.ActiveCfg = Release|Any CPU
		{BD874454-2944-4659-8E24-7E121B135DBF}.Release|Any CPU.Build.0 = Release|Any CPU
		{1B4545BC-2418-4D67-8F67-F7090F46799E}.Debug|Any CPU.ActiveCfg = Debug|Any CPU
		{1B4545BC-2418-4D67-8F67-F7090F46799E}.Debug|Any CPU.Build.0 = Debug|Any CPU
		{1B4545BC-2418-4D67-8F67-F7090F46799E}.Release|Any CPU.ActiveCfg = Release|Any CPU
		{1B4545BC-2418-4D67-8F67-F7090F46799E}.Release|Any CPU.Build.0 = Release|Any CPU
		{01CAA265-6DB6-4B13-9D2D-17662F3C3216}.Debug|Any CPU.ActiveCfg = Debug|Any CPU
		{01CAA265-6DB6-4B13-9D2D-17662F3C3216}.Debug|Any CPU.Build.0 = Debug|Any CPU
		{01CAA265-6DB6-4B13-9D2D-17662F3C3216}.Release|Any CPU.ActiveCfg = Release|Any CPU
		{01CAA265-6DB6-4B13-9D2D-17662F3C3216}.Release|Any CPU.Build.0 = Release|Any CPU
		{897A7CE3-BD39-4AF1-B7CC-4CEF5A8F7D53}.Debug|Any CPU.ActiveCfg = Debug|Any CPU
		{897A7CE3-BD39-4AF1-B7CC-4CEF5A8F7D53}.Debug|Any CPU.Build.0 = Debug|Any CPU
		{897A7CE3-BD39-4AF1-B7CC-4CEF5A8F7D53}.Release|Any CPU.ActiveCfg = Release|Any CPU
		{897A7CE3-BD39-4AF1-B7CC-4CEF5A8F7D53}.Release|Any CPU.Build.0 = Release|Any CPU
		{540BA07B-6B7E-4A78-B7F5-96B0D174A899}.Debug|Any CPU.ActiveCfg = Debug|Any CPU
		{540BA07B-6B7E-4A78-B7F5-96B0D174A899}.Debug|Any CPU.Build.0 = Debug|Any CPU
		{540BA07B-6B7E-4A78-B7F5-96B0D174A899}.Release|Any CPU.ActiveCfg = Release|Any CPU
		{540BA07B-6B7E-4A78-B7F5-96B0D174A899}.Release|Any CPU.Build.0 = Release|Any CPU
		{3744F2F9-3B47-4057-8E66-14FF60CD7BD4}.Debug|Any CPU.ActiveCfg = Debug|Any CPU
		{3744F2F9-3B47-4057-8E66-14FF60CD7BD4}.Debug|Any CPU.Build.0 = Debug|Any CPU
		{3744F2F9-3B47-4057-8E66-14FF60CD7BD4}.Release|Any CPU.ActiveCfg = Release|Any CPU
		{3744F2F9-3B47-4057-8E66-14FF60CD7BD4}.Release|Any CPU.Build.0 = Release|Any CPU
		{E1E7AD30-7800-4A76-A852-E37D794AEBAC}.Debug|Any CPU.ActiveCfg = Debug|Any CPU
		{E1E7AD30-7800-4A76-A852-E37D794AEBAC}.Debug|Any CPU.Build.0 = Debug|Any CPU
		{E1E7AD30-7800-4A76-A852-E37D794AEBAC}.Release|Any CPU.ActiveCfg = Release|Any CPU
		{E1E7AD30-7800-4A76-A852-E37D794AEBAC}.Release|Any CPU.Build.0 = Release|Any CPU
		{E65D014C-1057-4B05-B2FC-42D7D57ADD14}.Debug|Any CPU.ActiveCfg = Debug|Any CPU
		{E65D014C-1057-4B05-B2FC-42D7D57ADD14}.Debug|Any CPU.Build.0 = Debug|Any CPU
		{E65D014C-1057-4B05-B2FC-42D7D57ADD14}.Release|Any CPU.ActiveCfg = Release|Any CPU
		{E65D014C-1057-4B05-B2FC-42D7D57ADD14}.Release|Any CPU.Build.0 = Release|Any CPU
		{6FBEAABE-4E83-4A8D-A7B3-A3583EBAD4E2}.Debug|Any CPU.ActiveCfg = Debug|Any CPU
		{6FBEAABE-4E83-4A8D-A7B3-A3583EBAD4E2}.Debug|Any CPU.Build.0 = Debug|Any CPU
		{6FBEAABE-4E83-4A8D-A7B3-A3583EBAD4E2}.Release|Any CPU.ActiveCfg = Release|Any CPU
		{6FBEAABE-4E83-4A8D-A7B3-A3583EBAD4E2}.Release|Any CPU.Build.0 = Release|Any CPU
		{9F75EB80-A575-48D1-A308-0DFDDDB751D7}.Debug|Any CPU.ActiveCfg = Debug|Any CPU
		{9F75EB80-A575-48D1-A308-0DFDDDB751D7}.Debug|Any CPU.Build.0 = Debug|Any CPU
		{9F75EB80-A575-48D1-A308-0DFDDDB751D7}.Release|Any CPU.ActiveCfg = Release|Any CPU
		{9F75EB80-A575-48D1-A308-0DFDDDB751D7}.Release|Any CPU.Build.0 = Release|Any CPU
		{90A5CD76-58FD-4220-8D0E-EE333BCEB5C9}.Debug|Any CPU.ActiveCfg = Debug|Any CPU
		{90A5CD76-58FD-4220-8D0E-EE333BCEB5C9}.Debug|Any CPU.Build.0 = Debug|Any CPU
		{90A5CD76-58FD-4220-8D0E-EE333BCEB5C9}.Release|Any CPU.ActiveCfg = Release|Any CPU
		{90A5CD76-58FD-4220-8D0E-EE333BCEB5C9}.Release|Any CPU.Build.0 = Release|Any CPU
		{388F3EC8-DF01-477A-9D4B-E1855172B393}.Debug|Any CPU.ActiveCfg = Debug|Any CPU
		{388F3EC8-DF01-477A-9D4B-E1855172B393}.Debug|Any CPU.Build.0 = Debug|Any CPU
		{388F3EC8-DF01-477A-9D4B-E1855172B393}.Release|Any CPU.ActiveCfg = Release|Any CPU
		{388F3EC8-DF01-477A-9D4B-E1855172B393}.Release|Any CPU.Build.0 = Release|Any CPU
		{430262DB-41FA-4F1F-85B6-091ACF8C458D}.Debug|Any CPU.ActiveCfg = Debug|Any CPU
		{430262DB-41FA-4F1F-85B6-091ACF8C458D}.Debug|Any CPU.Build.0 = Debug|Any CPU
		{430262DB-41FA-4F1F-85B6-091ACF8C458D}.Release|Any CPU.ActiveCfg = Release|Any CPU
		{430262DB-41FA-4F1F-85B6-091ACF8C458D}.Release|Any CPU.Build.0 = Release|Any CPU
		{796C5115-FD49-4403-A138-B9EC9E72ABD7}.Debug|Any CPU.ActiveCfg = Debug|Any CPU
		{796C5115-FD49-4403-A138-B9EC9E72ABD7}.Debug|Any CPU.Build.0 = Debug|Any CPU
		{796C5115-FD49-4403-A138-B9EC9E72ABD7}.Release|Any CPU.ActiveCfg = Release|Any CPU
		{796C5115-FD49-4403-A138-B9EC9E72ABD7}.Release|Any CPU.Build.0 = Release|Any CPU
		{EA941597-874A-423C-83CC-E8DFF56941CA}.Debug|Any CPU.ActiveCfg = Debug|Any CPU
		{EA941597-874A-423C-83CC-E8DFF56941CA}.Debug|Any CPU.Build.0 = Debug|Any CPU
		{EA941597-874A-423C-83CC-E8DFF56941CA}.Release|Any CPU.ActiveCfg = Release|Any CPU
		{EA941597-874A-423C-83CC-E8DFF56941CA}.Release|Any CPU.Build.0 = Release|Any CPU
		{87A6F45B-43BE-425D-8A70-6A21305AA956}.Debug|Any CPU.ActiveCfg = Debug|Any CPU
		{87A6F45B-43BE-425D-8A70-6A21305AA956}.Debug|Any CPU.Build.0 = Debug|Any CPU
		{87A6F45B-43BE-425D-8A70-6A21305AA956}.Release|Any CPU.ActiveCfg = Release|Any CPU
		{87A6F45B-43BE-425D-8A70-6A21305AA956}.Release|Any CPU.Build.0 = Release|Any CPU
		{58943380-FE47-4109-84EE-E741C88008C9}.Debug|Any CPU.ActiveCfg = Debug|Any CPU
		{58943380-FE47-4109-84EE-E741C88008C9}.Debug|Any CPU.Build.0 = Debug|Any CPU
		{58943380-FE47-4109-84EE-E741C88008C9}.Release|Any CPU.ActiveCfg = Release|Any CPU
		{58943380-FE47-4109-84EE-E741C88008C9}.Release|Any CPU.Build.0 = Release|Any CPU
		{033C0206-0BB8-442F-8131-88A7EC082C82}.Debug|Any CPU.ActiveCfg = Debug|Any CPU
		{033C0206-0BB8-442F-8131-88A7EC082C82}.Debug|Any CPU.Build.0 = Debug|Any CPU
		{033C0206-0BB8-442F-8131-88A7EC082C82}.Release|Any CPU.ActiveCfg = Release|Any CPU
		{033C0206-0BB8-442F-8131-88A7EC082C82}.Release|Any CPU.Build.0 = Release|Any CPU
		{4FC530D9-47E9-4A9F-9C61-1C925AB03366}.Debug|Any CPU.ActiveCfg = Debug|Any CPU
		{4FC530D9-47E9-4A9F-9C61-1C925AB03366}.Debug|Any CPU.Build.0 = Debug|Any CPU
		{4FC530D9-47E9-4A9F-9C61-1C925AB03366}.Release|Any CPU.ActiveCfg = Release|Any CPU
		{4FC530D9-47E9-4A9F-9C61-1C925AB03366}.Release|Any CPU.Build.0 = Release|Any CPU
		{E75F0BED-CCB5-4B7D-8610-B4A913752054}.Debug|Any CPU.ActiveCfg = Debug|Any CPU
		{E75F0BED-CCB5-4B7D-8610-B4A913752054}.Debug|Any CPU.Build.0 = Debug|Any CPU
		{E75F0BED-CCB5-4B7D-8610-B4A913752054}.Release|Any CPU.ActiveCfg = Release|Any CPU
		{E75F0BED-CCB5-4B7D-8610-B4A913752054}.Release|Any CPU.Build.0 = Release|Any CPU
	EndGlobalSection
	GlobalSection(SolutionProperties) = preSolution
		HideSolutionNode = FALSE
	EndGlobalSection
	GlobalSection(ExtensibilityGlobals) = postSolution
		SolutionGuid = {27556C05-782E-4344-8B96-2A6693C1CAF6}
	EndGlobalSection
EndGlobal
