
Microsoft Visual Studio Solution File, Format Version 12.00
# Visual Studio Version 16
VisualStudioVersion = 16.0.30413.136
MinimumVisualStudioVersion = 10.0.40219.1
Project("{FAE04EC0-301F-11D3-BF4B-00C04F79EFBC}") = "Ej_9", "Ej_9.csproj", "{01CAA265-6DB6-4B13-9D2D-17662F3C3216}"
EndProject
Global
	GlobalSection(SolutionConfigurationPlatforms) = preSolution
		Debug|Any CPU = Debug|Any CPU
		Release|Any CPU = Release|Any CPU
	EndGlobalSection
	GlobalSection(ProjectConfigurationPlatforms) = postSolution
		{01CAA265-6DB6-4B13-9D2D-17662F3C3216}.Debug|Any CPU.ActiveCfg = Debug|Any CPU
		{01CAA265-6DB6-4B13-9D2D-17662F3C3216}.Debug|Any CPU.Build.0 = Debug|Any CPU
		{01CAA265-6DB6-4B13-9D2D-17662F3C3216}.Release|Any CPU.ActiveCfg = Release|Any CPU
		{01CAA265-6DB6-4B13-9D2D-17662F3C3216}.Release|Any CPU.Build.0 = Release|Any CPU
	EndGlobalSection
	GlobalSection(SolutionProperties) = preSolution
		HideSolutionNode = FALSE
	EndGlobalSection
	GlobalSection(ExtensibilityGlobals) = postSolution
		SolutionGuid = {4D8A0197-5F21-4A10-A4F5-D8880A666A6B}
	EndGlobalSection
EndGlobal
